PODS:
  - Alamofire (4.5.0)
  - DZNEmptyDataSet (1.8.1)
  - ImageViewer (4.1.0)
  - Kingfisher (3.10.2)
  - Moya (8.0.5):
    - Moya/Core (= 8.0.5)
  - Moya/Core (8.0.5):
    - Alamofire (~> 4.1)
    - Result (~> 3.0)
  - Moya/RxSwift (8.0.5):
    - Moya/Core
    - RxSwift (~> 3.0)
  - ObjectMapper (2.2.7)
  - PNChartSwift (0.0.2)
  - PromiseKit (4.2.2):
    - PromiseKit/Foundation (= 4.2.2)
    - PromiseKit/QuartzCore (= 4.2.2)
    - PromiseKit/UIKit (= 4.2.2)
  - PromiseKit/CorePromise (4.2.2)
  - PromiseKit/Foundation (4.2.2):
    - PromiseKit/CorePromise
  - PromiseKit/QuartzCore (4.2.2):
    - PromiseKit/CorePromise
  - PromiseKit/UIKit (4.2.2):
    - PromiseKit/CorePromise
  - Result (3.2.3)
  - RxCocoa (3.5.0):
    - RxSwift (~> 3.4)
  - RxSwift (3.5.0)
  - SDWebImage (3.7.5):
    - SDWebImage/Core (= 3.7.5)
  - SDWebImage/Core (3.7.5)
  - SnapKit (3.2.0)
  - SocketRocket (0.4.2)
  - SVProgressHUD (2.1.2)
  - SwiftyJSON (3.1.4)
  - WeexSDK (0.12.0):
    - SocketRocket
  - WXDevtool (0.8.2):
    - WeexSDK

DEPENDENCIES:
  - Alamofire
  - DZNEmptyDataSet
  - ImageViewer
  - Kingfisher
  - Moya
  - Moya/RxSwift
  - ObjectMapper
  - PNChartSwift (from `https://github.com/kevinzhow/PNChart-Swift.git`)
  - PromiseKit
  - RxCocoa
  - SDWebImage (= 3.7.5)
  - SnapKit
  - SocketRocket (= 0.4.2)
  - SVProgressHUD
  - SwiftyJSON
  - WeexSDK (= 0.12.0)
  - WXDevtool (= 0.8.2)

EXTERNAL SOURCES:
  PNChartSwift:
    :git: https://github.com/kevinzhow/PNChart-Swift.git

CHECKOUT OPTIONS:
  PNChartSwift:
    :commit: 693aad52fa8122458b72501de642e4c8583a0db3
    :git: https://github.com/kevinzhow/PNChart-Swift.git

SPEC CHECKSUMS:
  Alamofire: f28cdffd29de33a7bfa022cbd63ae95a27fae140
  DZNEmptyDataSet: 9525833b9e68ac21c30253e1d3d7076cc828eaa7
  ImageViewer: 163e5832e0a09e31a3e3482cce6e5e9029356174
  Kingfisher: 7297492bf8cec9b2e2dee3519f2219948580d98e
  Moya: c37eec09a098ba9991b5a963b291fc5704bdb9ef
  ObjectMapper: 65abcfd9a61cf7396cbd14a4fb22fddfcc46577e
  PNChartSwift: bcdfbffd65920072463eff42d0dfb46189bf4495
  PromiseKit: 00e8886881f151c7e573d06b437915b0bb2970ec
  Result: 128640a6347e8d2ae48b142556739a2d13f90ce6
  RxCocoa: a0a09f45d0e5b48ecb6a4a7b4b4c89c88d3f633f
  RxSwift: 18ee9d78b45edb3b0b7e79916b47a116e6dbc842
  SDWebImage: 69c6303e3348fba97e03f65d65d4fbc26740f461
  SnapKit: 1ca44df72cfa543218d177cb8aab029d10d86ea7
  SocketRocket: ffe08119b00ef982f6c37052a4705a057c8494ad
  SVProgressHUD: c404a55d78acbeb7ebb78b76d3faf986475a6994
  SwiftyJSON: c2842d878f95482ffceec5709abc3d05680c0220
  WeexSDK: 8573b6e15195d4efc7c786ddc3be6f50d9ccb01c
  WXDevtool: 0a7a1062e0c8ba4e6aa96f910e3a129a0dcdde0c

PODFILE CHECKSUM: 1a4461272539becec05ad8355dd1850ff507f6e4

COCOAPODS: 1.2.1
