// !$*UTF8*$!
{
	archiveVersion = 1;
	classes = {
	};
	objectVersion = 46;
	objects = {

/* Begin PBXBuildFile section */
		17384D1A5810B16DAA0DBE8B /* Pods_SwiftDemoUITests.framework in Frameworks */ = {isa = PBXBuildFile; fileRef = 452A449630D1D633E1637169 /* Pods_SwiftDemoUITests.framework */; };
		205605FB8E063672EF884724 /* Pods_SwiftDemo.framework in Frameworks */ = {isa = PBXBuildFile; fileRef = 13A6C7BBEA87522D70DE02F0 /* Pods_SwiftDemo.framework */; };
		CB3FEF5D1F0B455F008B44E4 /* BaseModel.swift in Sources */ = {isa = PBXBuildFile; fileRef = CB3FEF5C1F0B455F008B44E4 /* BaseModel.swift */; };
		CB3FEF6A1F0B8E44008B44E4 /* PNChartViewController.swift in Sources */ = {isa = PBXBuildFile; fileRef = CB3FEF691F0B8E44008B44E4 /* PNChartViewController.swift */; };
		CB3FEF781F0B91BE008B44E4 /* PNBar.swift in Sources */ = {isa = PBXBuildFile; fileRef = CB3FEF6D1F0B91BE008B44E4 /* PNBar.swift */; };
		CB3FEF791F0B91BE008B44E4 /* PNBarChart.swift in Sources */ = {isa = PBXBuildFile; fileRef = CB3FEF6E1F0B91BE008B44E4 /* PNBarChart.swift */; };
		CB3FEF7A1F0B91BE008B44E4 /* PNChartLabel.swift in Sources */ = {isa = PBXBuildFile; fileRef = CB3FEF6F1F0B91BE008B44E4 /* PNChartLabel.swift */; };
		CB3FEF7B1F0B91BE008B44E4 /* PNColor.swift in Sources */ = {isa = PBXBuildFile; fileRef = CB3FEF701F0B91BE008B44E4 /* PNColor.swift */; };
		CB3FEF7C1F0B91BE008B44E4 /* PNGenericChart.swift in Sources */ = {isa = PBXBuildFile; fileRef = CB3FEF711F0B91BE008B44E4 /* PNGenericChart.swift */; };
		CB3FEF7D1F0B91BE008B44E4 /* PNLineChart.swift in Sources */ = {isa = PBXBuildFile; fileRef = CB3FEF721F0B91BE008B44E4 /* PNLineChart.swift */; };
		CB3FEF7E1F0B91BE008B44E4 /* PNLineChartData.swift in Sources */ = {isa = PBXBuildFile; fileRef = CB3FEF731F0B91BE008B44E4 /* PNLineChartData.swift */; };
		CB3FEF7F1F0B91BE008B44E4 /* PNLineChartDataItem.swift in Sources */ = {isa = PBXBuildFile; fileRef = CB3FEF741F0B91BE008B44E4 /* PNLineChartDataItem.swift */; };
		CB3FEF801F0B91BE008B44E4 /* PNPieChart.swift in Sources */ = {isa = PBXBuildFile; fileRef = CB3FEF751F0B91BE008B44E4 /* PNPieChart.swift */; };
		CB3FEF811F0B91BE008B44E4 /* PNPieChartDataItem.swift in Sources */ = {isa = PBXBuildFile; fileRef = CB3FEF761F0B91BE008B44E4 /* PNPieChartDataItem.swift */; };
		CB3FEF821F0B91BE008B44E4 /* PNValue.swift in Sources */ = {isa = PBXBuildFile; fileRef = CB3FEF771F0B91BE008B44E4 /* PNValue.swift */; };
		CB3FEF871F0C7F3A008B44E4 /* LoginView.swift in Sources */ = {isa = PBXBuildFile; fileRef = CB3FEF861F0C7F3A008B44E4 /* LoginView.swift */; };
		CB3FEF891F0C7F48008B44E4 /* LoginViewController.swift in Sources */ = {isa = PBXBuildFile; fileRef = CB3FEF881F0C7F48008B44E4 /* LoginViewController.swift */; };
		CB3FEF8B1F0C7F59008B44E4 /* LoginViewModel.swift in Sources */ = {isa = PBXBuildFile; fileRef = CB3FEF8A1F0C7F59008B44E4 /* LoginViewModel.swift */; };
		CB3FEF951F0CE627008B44E4 /* ApiService.swift in Sources */ = {isa = PBXBuildFile; fileRef = CB3FEF8F1F0CE627008B44E4 /* ApiService.swift */; };
		CB3FEF961F0CE627008B44E4 /* DefaultAlamofireManager.swift in Sources */ = {isa = PBXBuildFile; fileRef = CB3FEF901F0CE627008B44E4 /* DefaultAlamofireManager.swift */; };
		CB3FEF971F0CE627008B44E4 /* Observable+Extension.swift in Sources */ = {isa = PBXBuildFile; fileRef = CB3FEF911F0CE627008B44E4 /* Observable+Extension.swift */; };
		CB3FEF981F0CE627008B44E4 /* Observable+ObjectMapper.swift in Sources */ = {isa = PBXBuildFile; fileRef = CB3FEF921F0CE627008B44E4 /* Observable+ObjectMapper.swift */; };
		CB3FEF9B1F0CE72D008B44E4 /* ToolExtension.swift in Sources */ = {isa = PBXBuildFile; fileRef = CB3FEF9A1F0CE72D008B44E4 /* ToolExtension.swift */; };
		CB5EA5961F0A3888006FDEFD /* AppDelegate.swift in Sources */ = {isa = PBXBuildFile; fileRef = CB5EA5951F0A3888006FDEFD /* AppDelegate.swift */; };
		CB5EA59B1F0A3888006FDEFD /* Main.storyboard in Resources */ = {isa = PBXBuildFile; fileRef = CB5EA5991F0A3888006FDEFD /* Main.storyboard */; };
		CB5EA59D1F0A3888006FDEFD /* Assets.xcassets in Resources */ = {isa = PBXBuildFile; fileRef = CB5EA59C1F0A3888006FDEFD /* Assets.xcassets */; };
		CB5EA5A01F0A3888006FDEFD /* LaunchScreen.storyboard in Resources */ = {isa = PBXBuildFile; fileRef = CB5EA59E1F0A3888006FDEFD /* LaunchScreen.storyboard */; };
		CB5EA5AB1F0A388A006FDEFD /* SwiftDemoUITests.swift in Sources */ = {isa = PBXBuildFile; fileRef = CB5EA5AA1F0A388A006FDEFD /* SwiftDemoUITests.swift */; };
		CB5EA5BF1F0A3B91006FDEFD /* HomeTableViewCell.swift in Sources */ = {isa = PBXBuildFile; fileRef = CB5EA5B61F0A3B91006FDEFD /* HomeTableViewCell.swift */; };
		CB5EA5C01F0A3B91006FDEFD /* HomeTableViewController.swift in Sources */ = {isa = PBXBuildFile; fileRef = CB5EA5B71F0A3B91006FDEFD /* HomeTableViewController.swift */; };
		CB5EA5C11F0A3B91006FDEFD /* RankView.swift in Sources */ = {isa = PBXBuildFile; fileRef = CB5EA5B91F0A3B91006FDEFD /* RankView.swift */; };
		CB5EA5C21F0A3B91006FDEFD /* RankViewController.swift in Sources */ = {isa = PBXBuildFile; fileRef = CB5EA5BA1F0A3B91006FDEFD /* RankViewController.swift */; };
		CB5EA5C31F0A3B91006FDEFD /* RankViewModel.swift in Sources */ = {isa = PBXBuildFile; fileRef = CB5EA5BB1F0A3B91006FDEFD /* RankViewModel.swift */; };
		CB5EA5CA1F0A4A12006FDEFD /* RankModel.swift in Sources */ = {isa = PBXBuildFile; fileRef = CB5EA5C91F0A4A12006FDEFD /* RankModel.swift */; };
/* End PBXBuildFile section */

/* Begin PBXContainerItemProxy section */
		CB5EA5A71F0A388A006FDEFD /* PBXContainerItemProxy */ = {
			isa = PBXContainerItemProxy;
			containerPortal = CB5EA58A1F0A3888006FDEFD /* Project object */;
			proxyType = 1;
			remoteGlobalIDString = CB5EA5911F0A3888006FDEFD;
			remoteInfo = SwiftDemo;
		};
/* End PBXContainerItemProxy section */

/* Begin PBXFileReference section */
		13A6C7BBEA87522D70DE02F0 /* Pods_SwiftDemo.framework */ = {isa = PBXFileReference; explicitFileType = wrapper.framework; includeInIndex = 0; path = Pods_SwiftDemo.framework; sourceTree = BUILT_PRODUCTS_DIR; };
		3ACD6ED03A45F99A47EC2BF3 /* Pods-SwiftDemoUITests.debug.xcconfig */ = {isa = PBXFileReference; includeInIndex = 1; lastKnownFileType = text.xcconfig; name = "Pods-SwiftDemoUITests.debug.xcconfig"; path = "Pods/Target Support Files/Pods-SwiftDemoUITests/Pods-SwiftDemoUITests.debug.xcconfig"; sourceTree = "<group>"; };
		43B3E66B6B2262B9676DE21D /* Pods-SwiftDemoUITests.release.xcconfig */ = {isa = PBXFileReference; includeInIndex = 1; lastKnownFileType = text.xcconfig; name = "Pods-SwiftDemoUITests.release.xcconfig"; path = "Pods/Target Support Files/Pods-SwiftDemoUITests/Pods-SwiftDemoUITests.release.xcconfig"; sourceTree = "<group>"; };
		452A449630D1D633E1637169 /* Pods_SwiftDemoUITests.framework */ = {isa = PBXFileReference; explicitFileType = wrapper.framework; includeInIndex = 0; path = Pods_SwiftDemoUITests.framework; sourceTree = BUILT_PRODUCTS_DIR; };
		7AE5EC4415492CB8029F668A /* Pods-SwiftDemo.release.xcconfig */ = {isa = PBXFileReference; includeInIndex = 1; lastKnownFileType = text.xcconfig; name = "Pods-SwiftDemo.release.xcconfig"; path = "Pods/Target Support Files/Pods-SwiftDemo/Pods-SwiftDemo.release.xcconfig"; sourceTree = "<group>"; };
		CB3FEF5C1F0B455F008B44E4 /* BaseModel.swift */ = {isa = PBXFileReference; fileEncoding = 4; lastKnownFileType = sourcecode.swift; path = BaseModel.swift; sourceTree = "<group>"; };
		CB3FEF691F0B8E44008B44E4 /* PNChartViewController.swift */ = {isa = PBXFileReference; fileEncoding = 4; lastKnownFileType = sourcecode.swift; name = PNChartViewController.swift; path = ../PNChartViewController.swift; sourceTree = "<group>"; };
		CB3FEF6D1F0B91BE008B44E4 /* PNBar.swift */ = {isa = PBXFileReference; fileEncoding = 4; lastKnownFileType = sourcecode.swift; path = PNBar.swift; sourceTree = "<group>"; };
		CB3FEF6E1F0B91BE008B44E4 /* PNBarChart.swift */ = {isa = PBXFileReference; fileEncoding = 4; lastKnownFileType = sourcecode.swift; path = PNBarChart.swift; sourceTree = "<group>"; };
		CB3FEF6F1F0B91BE008B44E4 /* PNChartLabel.swift */ = {isa = PBXFileReference; fileEncoding = 4; lastKnownFileType = sourcecode.swift; path = PNChartLabel.swift; sourceTree = "<group>"; };
		CB3FEF701F0B91BE008B44E4 /* PNColor.swift */ = {isa = PBXFileReference; fileEncoding = 4; lastKnownFileType = sourcecode.swift; path = PNColor.swift; sourceTree = "<group>"; };
		CB3FEF711F0B91BE008B44E4 /* PNGenericChart.swift */ = {isa = PBXFileReference; fileEncoding = 4; lastKnownFileType = sourcecode.swift; path = PNGenericChart.swift; sourceTree = "<group>"; };
		CB3FEF721F0B91BE008B44E4 /* PNLineChart.swift */ = {isa = PBXFileReference; fileEncoding = 4; lastKnownFileType = sourcecode.swift; path = PNLineChart.swift; sourceTree = "<group>"; };
		CB3FEF731F0B91BE008B44E4 /* PNLineChartData.swift */ = {isa = PBXFileReference; fileEncoding = 4; lastKnownFileType = sourcecode.swift; path = PNLineChartData.swift; sourceTree = "<group>"; };
		CB3FEF741F0B91BE008B44E4 /* PNLineChartDataItem.swift */ = {isa = PBXFileReference; fileEncoding = 4; lastKnownFileType = sourcecode.swift; path = PNLineChartDataItem.swift; sourceTree = "<group>"; };
		CB3FEF751F0B91BE008B44E4 /* PNPieChart.swift */ = {isa = PBXFileReference; fileEncoding = 4; lastKnownFileType = sourcecode.swift; path = PNPieChart.swift; sourceTree = "<group>"; };
		CB3FEF761F0B91BE008B44E4 /* PNPieChartDataItem.swift */ = {isa = PBXFileReference; fileEncoding = 4; lastKnownFileType = sourcecode.swift; path = PNPieChartDataItem.swift; sourceTree = "<group>"; };
		CB3FEF771F0B91BE008B44E4 /* PNValue.swift */ = {isa = PBXFileReference; fileEncoding = 4; lastKnownFileType = sourcecode.swift; path = PNValue.swift; sourceTree = "<group>"; };
		CB3FEF861F0C7F3A008B44E4 /* LoginView.swift */ = {isa = PBXFileReference; fileEncoding = 4; lastKnownFileType = sourcecode.swift; path = LoginView.swift; sourceTree = "<group>"; };
		CB3FEF881F0C7F48008B44E4 /* LoginViewController.swift */ = {isa = PBXFileReference; fileEncoding = 4; lastKnownFileType = sourcecode.swift; path = LoginViewController.swift; sourceTree = "<group>"; };
		CB3FEF8A1F0C7F59008B44E4 /* LoginViewModel.swift */ = {isa = PBXFileReference; fileEncoding = 4; lastKnownFileType = sourcecode.swift; path = LoginViewModel.swift; sourceTree = "<group>"; };
		CB3FEF8F1F0CE627008B44E4 /* ApiService.swift */ = {isa = PBXFileReference; fileEncoding = 4; lastKnownFileType = sourcecode.swift; path = ApiService.swift; sourceTree = "<group>"; };
		CB3FEF901F0CE627008B44E4 /* DefaultAlamofireManager.swift */ = {isa = PBXFileReference; fileEncoding = 4; lastKnownFileType = sourcecode.swift; path = DefaultAlamofireManager.swift; sourceTree = "<group>"; };
		CB3FEF911F0CE627008B44E4 /* Observable+Extension.swift */ = {isa = PBXFileReference; fileEncoding = 4; lastKnownFileType = sourcecode.swift; path = "Observable+Extension.swift"; sourceTree = "<group>"; };
		CB3FEF921F0CE627008B44E4 /* Observable+ObjectMapper.swift */ = {isa = PBXFileReference; fileEncoding = 4; lastKnownFileType = sourcecode.swift; path = "Observable+ObjectMapper.swift"; sourceTree = "<group>"; };
		CB3FEF9A1F0CE72D008B44E4 /* ToolExtension.swift */ = {isa = PBXFileReference; fileEncoding = 4; lastKnownFileType = sourcecode.swift; path = ToolExtension.swift; sourceTree = "<group>"; };
		CB5EA5921F0A3888006FDEFD /* SwiftDemo.app */ = {isa = PBXFileReference; explicitFileType = wrapper.application; includeInIndex = 0; path = SwiftDemo.app; sourceTree = BUILT_PRODUCTS_DIR; };
		CB5EA5951F0A3888006FDEFD /* AppDelegate.swift */ = {isa = PBXFileReference; lastKnownFileType = sourcecode.swift; name = AppDelegate.swift; path = ../AppDelegate.swift; sourceTree = "<group>"; };
		CB5EA59A1F0A3888006FDEFD /* Base */ = {isa = PBXFileReference; lastKnownFileType = file.storyboard; name = Base; path = Base.lproj/Main.storyboard; sourceTree = "<group>"; };
		CB5EA59C1F0A3888006FDEFD /* Assets.xcassets */ = {isa = PBXFileReference; lastKnownFileType = folder.assetcatalog; name = Assets.xcassets; path = ../Assets.xcassets; sourceTree = "<group>"; };
		CB5EA59F1F0A3888006FDEFD /* Base */ = {isa = PBXFileReference; lastKnownFileType = file.storyboard; name = Base; path = Base.lproj/LaunchScreen.storyboard; sourceTree = "<group>"; };
		CB5EA5A11F0A3888006FDEFD /* Info.plist */ = {isa = PBXFileReference; lastKnownFileType = text.plist.xml; name = Info.plist; path = ../Info.plist; sourceTree = "<group>"; };
		CB5EA5A61F0A388A006FDEFD /* SwiftDemoUITests.xctest */ = {isa = PBXFileReference; explicitFileType = wrapper.cfbundle; includeInIndex = 0; path = SwiftDemoUITests.xctest; sourceTree = BUILT_PRODUCTS_DIR; };
		CB5EA5AA1F0A388A006FDEFD /* SwiftDemoUITests.swift */ = {isa = PBXFileReference; lastKnownFileType = sourcecode.swift; path = SwiftDemoUITests.swift; sourceTree = "<group>"; };
		CB5EA5AC1F0A388A006FDEFD /* Info.plist */ = {isa = PBXFileReference; lastKnownFileType = text.plist.xml; path = Info.plist; sourceTree = "<group>"; };
		CB5EA5B61F0A3B91006FDEFD /* HomeTableViewCell.swift */ = {isa = PBXFileReference; fileEncoding = 4; lastKnownFileType = sourcecode.swift; path = HomeTableViewCell.swift; sourceTree = "<group>"; };
		CB5EA5B71F0A3B91006FDEFD /* HomeTableViewController.swift */ = {isa = PBXFileReference; fileEncoding = 4; lastKnownFileType = sourcecode.swift; path = HomeTableViewController.swift; sourceTree = "<group>"; };
		CB5EA5B91F0A3B91006FDEFD /* RankView.swift */ = {isa = PBXFileReference; fileEncoding = 4; lastKnownFileType = sourcecode.swift; path = RankView.swift; sourceTree = "<group>"; };
		CB5EA5BA1F0A3B91006FDEFD /* RankViewController.swift */ = {isa = PBXFileReference; fileEncoding = 4; lastKnownFileType = sourcecode.swift; path = RankViewController.swift; sourceTree = "<group>"; };
		CB5EA5BB1F0A3B91006FDEFD /* RankViewModel.swift */ = {isa = PBXFileReference; fileEncoding = 4; lastKnownFileType = sourcecode.swift; path = RankViewModel.swift; sourceTree = "<group>"; };
		CB5EA5C91F0A4A12006FDEFD /* RankModel.swift */ = {isa = PBXFileReference; fileEncoding = 4; lastKnownFileType = sourcecode.swift; path = RankModel.swift; sourceTree = "<group>"; };
		FD4CA3F5C81379534E1DE8B9 /* Pods-SwiftDemo.debug.xcconfig */ = {isa = PBXFileReference; includeInIndex = 1; lastKnownFileType = text.xcconfig; name = "Pods-SwiftDemo.debug.xcconfig"; path = "Pods/Target Support Files/Pods-SwiftDemo/Pods-SwiftDemo.debug.xcconfig"; sourceTree = "<group>"; };
/* End PBXFileReference section */

/* Begin PBXFrameworksBuildPhase section */
		CB5EA58F1F0A3888006FDEFD /* Frameworks */ = {
			isa = PBXFrameworksBuildPhase;
			buildActionMask = 2147483647;
			files = (
				205605FB8E063672EF884724 /* Pods_SwiftDemo.framework in Frameworks */,
			);
			runOnlyForDeploymentPostprocessing = 0;
		};
		CB5EA5A31F0A388A006FDEFD /* Frameworks */ = {
			isa = PBXFrameworksBuildPhase;
			buildActionMask = 2147483647;
			files = (
				17384D1A5810B16DAA0DBE8B /* Pods_SwiftDemoUITests.framework in Frameworks */,
			);
			runOnlyForDeploymentPostprocessing = 0;
		};
/* End PBXFrameworksBuildPhase section */

/* Begin PBXGroup section */
		281512C51AC4750476EAF537 /* Pods */ = {
			isa = PBXGroup;
			children = (
				FD4CA3F5C81379534E1DE8B9 /* Pods-SwiftDemo.debug.xcconfig */,
				7AE5EC4415492CB8029F668A /* Pods-SwiftDemo.release.xcconfig */,
				3ACD6ED03A45F99A47EC2BF3 /* Pods-SwiftDemoUITests.debug.xcconfig */,
				43B3E66B6B2262B9676DE21D /* Pods-SwiftDemoUITests.release.xcconfig */,
			);
			name = Pods;
			sourceTree = "<group>";
		};
		6DAEF5F44943AB31086058DA /* Frameworks */ = {
			isa = PBXGroup;
			children = (
				13A6C7BBEA87522D70DE02F0 /* Pods_SwiftDemo.framework */,
				452A449630D1D633E1637169 /* Pods_SwiftDemoUITests.framework */,
			);
			name = Frameworks;
			sourceTree = "<group>";
		};
		CB3FEF6B1F0B91BE008B44E4 /* Thirdlib */ = {
			isa = PBXGroup;
			children = (
				CB3FEF6C1F0B91BE008B44E4 /* PNChartSwift */,
			);
			name = Thirdlib;
			path = lib;
			sourceTree = "<group>";
		};
		CB3FEF6C1F0B91BE008B44E4 /* PNChartSwift */ = {
			isa = PBXGroup;
			children = (
				CB3FEF6D1F0B91BE008B44E4 /* PNBar.swift */,
				CB3FEF6E1F0B91BE008B44E4 /* PNBarChart.swift */,
				CB3FEF6F1F0B91BE008B44E4 /* PNChartLabel.swift */,
				CB3FEF701F0B91BE008B44E4 /* PNColor.swift */,
				CB3FEF711F0B91BE008B44E4 /* PNGenericChart.swift */,
				CB3FEF721F0B91BE008B44E4 /* PNLineChart.swift */,
				CB3FEF731F0B91BE008B44E4 /* PNLineChartData.swift */,
				CB3FEF741F0B91BE008B44E4 /* PNLineChartDataItem.swift */,
				CB3FEF751F0B91BE008B44E4 /* PNPieChart.swift */,
				CB3FEF761F0B91BE008B44E4 /* PNPieChartDataItem.swift */,
				CB3FEF771F0B91BE008B44E4 /* PNValue.swift */,
			);
			path = PNChartSwift;
			sourceTree = "<group>";
		};
		CB3FEF851F0C7F0C008B44E4 /* LoginDemo */ = {
			isa = PBXGroup;
			children = (
				CB3FEF861F0C7F3A008B44E4 /* LoginView.swift */,
				CB3FEF881F0C7F48008B44E4 /* LoginViewController.swift */,
				CB3FEF8A1F0C7F59008B44E4 /* LoginViewModel.swift */,
			);
			path = LoginDemo;
			sourceTree = "<group>";
		};
		CB3FEF8E1F0CE627008B44E4 /* Moya */ = {
			isa = PBXGroup;
			children = (
				CB3FEF8F1F0CE627008B44E4 /* ApiService.swift */,
				CB3FEF901F0CE627008B44E4 /* DefaultAlamofireManager.swift */,
				CB3FEF911F0CE627008B44E4 /* Observable+Extension.swift */,
				CB3FEF921F0CE627008B44E4 /* Observable+ObjectMapper.swift */,
			);
			path = Moya;
			sourceTree = "<group>";
		};
		CB5EA5891F0A3888006FDEFD = {
			isa = PBXGroup;
			children = (
				CB5EA5941F0A3888006FDEFD /* SwiftDemo */,
				CB5EA5A91F0A388A006FDEFD /* SwiftDemoUITests */,
				CB5EA5931F0A3888006FDEFD /* Products */,
				281512C51AC4750476EAF537 /* Pods */,
				6DAEF5F44943AB31086058DA /* Frameworks */,
			);
			sourceTree = "<group>";
		};
		CB5EA5931F0A3888006FDEFD /* Products */ = {
			isa = PBXGroup;
			children = (
				CB5EA5921F0A3888006FDEFD /* SwiftDemo.app */,
				CB5EA5A61F0A388A006FDEFD /* SwiftDemoUITests.xctest */,
			);
			name = Products;
			sourceTree = "<group>";
		};
		CB5EA5941F0A3888006FDEFD /* SwiftDemo */ = {
			isa = PBXGroup;
			children = (
				CB3FEF851F0C7F0C008B44E4 /* LoginDemo */,
				CB3FEF6B1F0B91BE008B44E4 /* Thirdlib */,
				CB5EA5C61F0A3C28006FDEFD /* Other */,
				CB5EA5B51F0A3B91006FDEFD /* Home */,
				CB5EA5B81F0A3B91006FDEFD /* RankDemo */,
				CB5EA5BC1F0A3B91006FDEFD /* Tool */,
			);
			path = SwiftDemo;
			sourceTree = "<group>";
		};
		CB5EA5A91F0A388A006FDEFD /* SwiftDemoUITests */ = {
			isa = PBXGroup;
			children = (
				CB5EA5AA1F0A388A006FDEFD /* SwiftDemoUITests.swift */,
				CB5EA5AC1F0A388A006FDEFD /* Info.plist */,
			);
			path = SwiftDemoUITests;
			sourceTree = "<group>";
		};
		CB5EA5B51F0A3B91006FDEFD /* Home */ = {
			isa = PBXGroup;
			children = (
				CB3FEF691F0B8E44008B44E4 /* PNChartViewController.swift */,
				CB5EA5B61F0A3B91006FDEFD /* HomeTableViewCell.swift */,
				CB5EA5B71F0A3B91006FDEFD /* HomeTableViewController.swift */,
			);
			path = Home;
			sourceTree = "<group>";
		};
		CB5EA5B81F0A3B91006FDEFD /* RankDemo */ = {
			isa = PBXGroup;
			children = (
				CB5EA5B91F0A3B91006FDEFD /* RankView.swift */,
				CB5EA5BA1F0A3B91006FDEFD /* RankViewController.swift */,
				CB5EA5BB1F0A3B91006FDEFD /* RankViewModel.swift */,
				CB5EA5C91F0A4A12006FDEFD /* RankModel.swift */,
			);
			name = RankDemo;
			path = MoyaDemo;
			sourceTree = "<group>";
		};
		CB5EA5BC1F0A3B91006FDEFD /* Tool */ = {
			isa = PBXGroup;
			children = (
				CB3FEF9A1F0CE72D008B44E4 /* ToolExtension.swift */,
				CB3FEF5C1F0B455F008B44E4 /* BaseModel.swift */,
				CB3FEF8E1F0CE627008B44E4 /* Moya */,
			);
			path = Tool;
			sourceTree = "<group>";
		};
		CB5EA5C61F0A3C28006FDEFD /* Other */ = {
			isa = PBXGroup;
			children = (
				CB5EA5A11F0A3888006FDEFD /* Info.plist */,
				CB5EA59C1F0A3888006FDEFD /* Assets.xcassets */,
				CB5EA59E1F0A3888006FDEFD /* LaunchScreen.storyboard */,
				CB5EA5991F0A3888006FDEFD /* Main.storyboard */,
				CB5EA5951F0A3888006FDEFD /* AppDelegate.swift */,
			);
			path = Other;
			sourceTree = "<group>";
		};
/* End PBXGroup section */

/* Begin PBXNativeTarget section */
		CB5EA5911F0A3888006FDEFD /* SwiftDemo */ = {
			isa = PBXNativeTarget;
			buildConfigurationList = CB5EA5AF1F0A388A006FDEFD /* Build configuration list for PBXNativeTarget "SwiftDemo" */;
			buildPhases = (
				4F3250DF6C19FB0F6F4668A3 /* [CP] Check Pods Manifest.lock */,
				CB5EA58E1F0A3888006FDEFD /* Sources */,
				CB5EA58F1F0A3888006FDEFD /* Frameworks */,
				CB5EA5901F0A3888006FDEFD /* Resources */,
				59E6A9BE0272A4C05F5E4C6A /* [CP] Embed Pods Frameworks */,
				C2462B36F6877B41FC911449 /* [CP] Copy Pods Resources */,
			);
			buildRules = (
			);
			dependencies = (
			);
			name = SwiftDemo;
			productName = SwiftDemo;
			productReference = CB5EA5921F0A3888006FDEFD /* SwiftDemo.app */;
			productType = "com.apple.product-type.application";
		};
		CB5EA5A51F0A388A006FDEFD /* SwiftDemoUITests */ = {
			isa = PBXNativeTarget;
			buildConfigurationList = CB5EA5B21F0A388A006FDEFD /* Build configuration list for PBXNativeTarget "SwiftDemoUITests" */;
			buildPhases = (
				A05D1682144F98BB35D8C386 /* [CP] Check Pods Manifest.lock */,
				CB5EA5A21F0A388A006FDEFD /* Sources */,
				CB5EA5A31F0A388A006FDEFD /* Frameworks */,
				CB5EA5A41F0A388A006FDEFD /* Resources */,
				3DE70C7958ED85CA0B0CDDEB /* [CP] Embed Pods Frameworks */,
				FF6B54052B12D4D0499ADEFF /* [CP] Copy Pods Resources */,
			);
			buildRules = (
			);
			dependencies = (
				CB5EA5A81F0A388A006FDEFD /* PBXTargetDependency */,
			);
			name = SwiftDemoUITests;
			productName = SwiftDemoUITests;
			productReference = CB5EA5A61F0A388A006FDEFD /* SwiftDemoUITests.xctest */;
			productType = "com.apple.product-type.bundle.ui-testing";
		};
/* End PBXNativeTarget section */

/* Begin PBXProject section */
		CB5EA58A1F0A3888006FDEFD /* Project object */ = {
			isa = PBXProject;
			attributes = {
				LastSwiftUpdateCheck = 0830;
				LastUpgradeCheck = 0830;
				ORGANIZATIONNAME = "矽岸";
				TargetAttributes = {
					CB5EA5911F0A3888006FDEFD = {
						CreatedOnToolsVersion = 8.3.3;
						DevelopmentTeam = DES2DL7DWH;
						ProvisioningStyle = Automatic;
					};
					CB5EA5A51F0A388A006FDEFD = {
						CreatedOnToolsVersion = 8.3.3;
						DevelopmentTeam = DES2DL7DWH;
						ProvisioningStyle = Automatic;
						TestTargetID = CB5EA5911F0A3888006FDEFD;
					};
				};
			};
			buildConfigurationList = CB5EA58D1F0A3888006FDEFD /* Build configuration list for PBXProject "SwiftDemo" */;
			compatibilityVersion = "Xcode 3.2";
			developmentRegion = English;
			hasScannedForEncodings = 0;
			knownRegions = (
				en,
				Base,
			);
			mainGroup = CB5EA5891F0A3888006FDEFD;
			productRefGroup = CB5EA5931F0A3888006FDEFD /* Products */;
			projectDirPath = "";
			projectRoot = "";
			targets = (
				CB5EA5911F0A3888006FDEFD /* SwiftDemo */,
				CB5EA5A51F0A388A006FDEFD /* SwiftDemoUITests */,
			);
		};
/* End PBXProject section */

/* Begin PBXResourcesBuildPhase section */
		CB5EA5901F0A3888006FDEFD /* Resources */ = {
			isa = PBXResourcesBuildPhase;
			buildActionMask = 2147483647;
			files = (
				CB5EA5A01F0A3888006FDEFD /* LaunchScreen.storyboard in Resources */,
				CB5EA59D1F0A3888006FDEFD /* Assets.xcassets in Resources */,
				CB5EA59B1F0A3888006FDEFD /* Main.storyboard in Resources */,
			);
			runOnlyForDeploymentPostprocessing = 0;
		};
		CB5EA5A41F0A388A006FDEFD /* Resources */ = {
			isa = PBXResourcesBuildPhase;
			buildActionMask = 2147483647;
			files = (
			);
			runOnlyForDeploymentPostprocessing = 0;
		};
/* End PBXResourcesBuildPhase section */

/* Begin PBXShellScriptBuildPhase section */
		3DE70C7958ED85CA0B0CDDEB /* [CP] Embed Pods Frameworks */ = {
			isa = PBXShellScriptBuildPhase;
			buildActionMask = 2147483647;
			files = (
			);
			inputPaths = (
			);
			name = "[CP] Embed Pods Frameworks";
			outputPaths = (
			);
			runOnlyForDeploymentPostprocessing = 0;
			shellPath = /bin/sh;
			shellScript = "\"${SRCROOT}/Pods/Target Support Files/Pods-SwiftDemoUITests/Pods-SwiftDemoUITests-frameworks.sh\"\n";
			showEnvVarsInLog = 0;
		};
		4F3250DF6C19FB0F6F4668A3 /* [CP] Check Pods Manifest.lock */ = {
			isa = PBXShellScriptBuildPhase;
			buildActionMask = 2147483647;
			files = (
			);
			inputPaths = (
			);
			name = "[CP] Check Pods Manifest.lock";
			outputPaths = (
			);
			runOnlyForDeploymentPostprocessing = 0;
			shellPath = /bin/sh;
			shellScript = "diff \"${PODS_PODFILE_DIR_PATH}/Podfile.lock\" \"${PODS_ROOT}/Manifest.lock\" > /dev/null\nif [ $? != 0 ] ; then\n    # print error to STDERR\n    echo \"error: The sandbox is not in sync with the Podfile.lock. Run 'pod install' or update your CocoaPods installation.\" >&2\n    exit 1\nfi\n";
			showEnvVarsInLog = 0;
		};
		59E6A9BE0272A4C05F5E4C6A /* [CP] Embed Pods Frameworks */ = {
			isa = PBXShellScriptBuildPhase;
			buildActionMask = 2147483647;
			files = (
			);
			inputPaths = (
			);
			name = "[CP] Embed Pods Frameworks";
			outputPaths = (
			);
			runOnlyForDeploymentPostprocessing = 0;
			shellPath = /bin/sh;
			shellScript = "\"${SRCROOT}/Pods/Target Support Files/Pods-SwiftDemo/Pods-SwiftDemo-frameworks.sh\"\n";
			showEnvVarsInLog = 0;
		};
		A05D1682144F98BB35D8C386 /* [CP] Check Pods Manifest.lock */ = {
			isa = PBXShellScriptBuildPhase;
			buildActionMask = 2147483647;
			files = (
			);
			inputPaths = (
			);
			name = "[CP] Check Pods Manifest.lock";
			outputPaths = (
			);
			runOnlyForDeploymentPostprocessing = 0;
			shellPath = /bin/sh;
			shellScript = "diff \"${PODS_PODFILE_DIR_PATH}/Podfile.lock\" \"${PODS_ROOT}/Manifest.lock\" > /dev/null\nif [ $? != 0 ] ; then\n    # print error to STDERR\n    echo \"error: The sandbox is not in sync with the Podfile.lock. Run 'pod install' or update your CocoaPods installation.\" >&2\n    exit 1\nfi\n";
			showEnvVarsInLog = 0;
		};
		C2462B36F6877B41FC911449 /* [CP] Copy Pods Resources */ = {
			isa = PBXShellScriptBuildPhase;
			buildActionMask = 2147483647;
			files = (
			);
			inputPaths = (
			);
			name = "[CP] Copy Pods Resources";
			outputPaths = (
			);
			runOnlyForDeploymentPostprocessing = 0;
			shellPath = /bin/sh;
			shellScript = "\"${SRCROOT}/Pods/Target Support Files/Pods-SwiftDemo/Pods-SwiftDemo-resources.sh\"\n";
			showEnvVarsInLog = 0;
		};
		FF6B54052B12D4D0499ADEFF /* [CP] Copy Pods Resources */ = {
			isa = PBXShellScriptBuildPhase;
			buildActionMask = 2147483647;
			files = (
			);
			inputPaths = (
			);
			name = "[CP] Copy Pods Resources";
			outputPaths = (
			);
			runOnlyForDeploymentPostprocessing = 0;
			shellPath = /bin/sh;
			shellScript = "\"${SRCROOT}/Pods/Target Support Files/Pods-SwiftDemoUITests/Pods-SwiftDemoUITests-resources.sh\"\n";
			showEnvVarsInLog = 0;
		};
/* End PBXShellScriptBuildPhase section */

/* Begin PBXSourcesBuildPhase section */
		CB5EA58E1F0A3888006FDEFD /* Sources */ = {
			isa = PBXSourcesBuildPhase;
			buildActionMask = 2147483647;
			files = (
				CB3FEF7D1F0B91BE008B44E4 /* PNLineChart.swift in Sources */,
				CB3FEF801F0B91BE008B44E4 /* PNPieChart.swift in Sources */,
				CB5EA5C31F0A3B91006FDEFD /* RankViewModel.swift in Sources */,
				CB3FEF981F0CE627008B44E4 /* Observable+ObjectMapper.swift in Sources */,
				CB5EA5C01F0A3B91006FDEFD /* HomeTableViewController.swift in Sources */,
				CB3FEF7A1F0B91BE008B44E4 /* PNChartLabel.swift in Sources */,
				CB3FEF5D1F0B455F008B44E4 /* BaseModel.swift in Sources */,
				CB3FEF7E1F0B91BE008B44E4 /* PNLineChartData.swift in Sources */,
				CB3FEF8B1F0C7F59008B44E4 /* LoginViewModel.swift in Sources */,
				CB3FEF951F0CE627008B44E4 /* ApiService.swift in Sources */,
				CB3FEF971F0CE627008B44E4 /* Observable+Extension.swift in Sources */,
				CB3FEF7B1F0B91BE008B44E4 /* PNColor.swift in Sources */,
				CB3FEF781F0B91BE008B44E4 /* PNBar.swift in Sources */,
				CB3FEF7C1F0B91BE008B44E4 /* PNGenericChart.swift in Sources */,
				CB3FEF821F0B91BE008B44E4 /* PNValue.swift in Sources */,
				CB5EA5C11F0A3B91006FDEFD /* RankView.swift in Sources */,
				CB3FEF871F0C7F3A008B44E4 /* LoginView.swift in Sources */,
				CB3FEF791F0B91BE008B44E4 /* PNBarChart.swift in Sources */,
				CB3FEF6A1F0B8E44008B44E4 /* PNChartViewController.swift in Sources */,
				CB3FEF7F1F0B91BE008B44E4 /* PNLineChartDataItem.swift in Sources */,
				CB5EA5CA1F0A4A12006FDEFD /* RankModel.swift in Sources */,
				CB5EA5BF1F0A3B91006FDEFD /* HomeTableViewCell.swift in Sources */,
				CB3FEF811F0B91BE008B44E4 /* PNPieChartDataItem.swift in Sources */,
				CB5EA5C21F0A3B91006FDEFD /* RankViewController.swift in Sources */,
				CB3FEF891F0C7F48008B44E4 /* LoginViewController.swift in Sources */,
				CB3FEF961F0CE627008B44E4 /* DefaultAlamofireManager.swift in Sources */,
				CB5EA5961F0A3888006FDEFD /* AppDelegate.swift in Sources */,
				CB3FEF9B1F0CE72D008B44E4 /* ToolExtension.swift in Sources */,
			);
			runOnlyForDeploymentPostprocessing = 0;
		};
		CB5EA5A21F0A388A006FDEFD /* Sources */ = {
			isa = PBXSourcesBuildPhase;
			buildActionMask = 2147483647;
			files = (
				CB5EA5AB1F0A388A006FDEFD /* SwiftDemoUITests.swift in Sources */,
			);
			runOnlyForDeploymentPostprocessing = 0;
		};
/* End PBXSourcesBuildPhase section */

/* Begin PBXTargetDependency section */
		CB5EA5A81F0A388A006FDEFD /* PBXTargetDependency */ = {
			isa = PBXTargetDependency;
			target = CB5EA5911F0A3888006FDEFD /* SwiftDemo */;
			targetProxy = CB5EA5A71F0A388A006FDEFD /* PBXContainerItemProxy */;
		};
/* End PBXTargetDependency section */

/* Begin PBXVariantGroup section */
		CB5EA5991F0A3888006FDEFD /* Main.storyboard */ = {
			isa = PBXVariantGroup;
			children = (
				CB5EA59A1F0A3888006FDEFD /* Base */,
			);
			name = Main.storyboard;
			path = ..;
			sourceTree = "<group>";
		};
		CB5EA59E1F0A3888006FDEFD /* LaunchScreen.storyboard */ = {
			isa = PBXVariantGroup;
			children = (
				CB5EA59F1F0A3888006FDEFD /* Base */,
			);
			name = LaunchScreen.storyboard;
			path = ..;
			sourceTree = "<group>";
		};
/* End PBXVariantGroup section */

/* Begin XCBuildConfiguration section */
		CB5EA5AD1F0A388A006FDEFD /* Debug */ = {
			isa = XCBuildConfiguration;
			buildSettings = {
				ALWAYS_SEARCH_USER_PATHS = NO;
				CLANG_ANALYZER_NONNULL = YES;
				CLANG_ANALYZER_NUMBER_OBJECT_CONVERSION = YES_AGGRESSIVE;
				CLANG_CXX_LANGUAGE_STANDARD = "gnu++0x";
				CLANG_CXX_LIBRARY = "libc++";
				CLANG_ENABLE_MODULES = YES;
				CLANG_ENABLE_OBJC_ARC = YES;
				CLANG_WARN_BOOL_CONVERSION = YES;
				CLANG_WARN_CONSTANT_CONVERSION = YES;
				CLANG_WARN_DIRECT_OBJC_ISA_USAGE = YES_ERROR;
				CLANG_WARN_DOCUMENTATION_COMMENTS = YES;
				CLANG_WARN_EMPTY_BODY = YES;
				CLANG_WARN_ENUM_CONVERSION = YES;
				CLANG_WARN_INFINITE_RECURSION = YES;
				CLANG_WARN_INT_CONVERSION = YES;
				CLANG_WARN_OBJC_ROOT_CLASS = YES_ERROR;
				CLANG_WARN_SUSPICIOUS_MOVE = YES;
				CLANG_WARN_UNREACHABLE_CODE = YES;
				CLANG_WARN__DUPLICATE_METHOD_MATCH = YES;
				"CODE_SIGN_IDENTITY[sdk=iphoneos*]" = "iPhone Developer";
				COPY_PHASE_STRIP = NO;
				DEBUG_INFORMATION_FORMAT = dwarf;
				ENABLE_STRICT_OBJC_MSGSEND = YES;
				ENABLE_TESTABILITY = YES;
				GCC_C_LANGUAGE_STANDARD = gnu99;
				GCC_DYNAMIC_NO_PIC = NO;
				GCC_NO_COMMON_BLOCKS = YES;
				GCC_OPTIMIZATION_LEVEL = 0;
				GCC_PREPROCESSOR_DEFINITIONS = (
					"DEBUG=1",
					"$(inherited)",
				);
				GCC_WARN_64_TO_32_BIT_CONVERSION = YES;
				GCC_WARN_ABOUT_RETURN_TYPE = YES_ERROR;
				GCC_WARN_UNDECLARED_SELECTOR = YES;
				GCC_WARN_UNINITIALIZED_AUTOS = YES_AGGRESSIVE;
				GCC_WARN_UNUSED_FUNCTION = YES;
				GCC_WARN_UNUSED_VARIABLE = YES;
				IPHONEOS_DEPLOYMENT_TARGET = 10.3;
				MTL_ENABLE_DEBUG_INFO = YES;
				ONLY_ACTIVE_ARCH = YES;
				SDKROOT = iphoneos;
				SWIFT_ACTIVE_COMPILATION_CONDITIONS = DEBUG;
				SWIFT_OPTIMIZATION_LEVEL = "-Onone";
			};
			name = Debug;
		};
		CB5EA5AE1F0A388A006FDEFD /* Release */ = {
			isa = XCBuildConfiguration;
			buildSettings = {
				ALWAYS_SEARCH_USER_PATHS = NO;
				CLANG_ANALYZER_NONNULL = YES;
				CLANG_ANALYZER_NUMBER_OBJECT_CONVERSION = YES_AGGRESSIVE;
				CLANG_CXX_LANGUAGE_STANDARD = "gnu++0x";
				CLANG_CXX_LIBRARY = "libc++";
				CLANG_ENABLE_MODULES = YES;
				CLANG_ENABLE_OBJC_ARC = YES;
				CLANG_WARN_BOOL_CONVERSION = YES;
				CLANG_WARN_CONSTANT_CONVERSION = YES;
				CLANG_WARN_DIRECT_OBJC_ISA_USAGE = YES_ERROR;
				CLANG_WARN_DOCUMENTATION_COMMENTS = YES;
				CLANG_WARN_EMPTY_BODY = YES;
				CLANG_WARN_ENUM_CONVERSION = YES;
				CLANG_WARN_INFINITE_RECURSION = YES;
				CLANG_WARN_INT_CONVERSION = YES;
				CLANG_WARN_OBJC_ROOT_CLASS = YES_ERROR;
				CLANG_WARN_SUSPICIOUS_MOVE = YES;
				CLANG_WARN_UNREACHABLE_CODE = YES;
				CLANG_WARN__DUPLICATE_METHOD_MATCH = YES;
				"CODE_SIGN_IDENTITY[sdk=iphoneos*]" = "iPhone Developer";
				COPY_PHASE_STRIP = NO;
				DEBUG_INFORMATION_FORMAT = "dwarf-with-dsym";
				ENABLE_NS_ASSERTIONS = NO;
				ENABLE_STRICT_OBJC_MSGSEND = YES;
				GCC_C_LANGUAGE_STANDARD = gnu99;
				GCC_NO_COMMON_BLOCKS = YES;
				GCC_WARN_64_TO_32_BIT_CONVERSION = YES;
				GCC_WARN_ABOUT_RETURN_TYPE = YES_ERROR;
				GCC_WARN_UNDECLARED_SELECTOR = YES;
				GCC_WARN_UNINITIALIZED_AUTOS = YES_AGGRESSIVE;
				GCC_WARN_UNUSED_FUNCTION = YES;
				GCC_WARN_UNUSED_VARIABLE = YES;
				IPHONEOS_DEPLOYMENT_TARGET = 10.3;
				MTL_ENABLE_DEBUG_INFO = NO;
				SDKROOT = iphoneos;
				SWIFT_OPTIMIZATION_LEVEL = "-Owholemodule";
				VALIDATE_PRODUCT = YES;
			};
			name = Release;
		};
		CB5EA5B01F0A388A006FDEFD /* Debug */ = {
			isa = XCBuildConfiguration;
			baseConfigurationReference = FD4CA3F5C81379534E1DE8B9 /* Pods-SwiftDemo.debug.xcconfig */;
			buildSettings = {
				ASSETCATALOG_COMPILER_APPICON_NAME = AppIcon;
				DEVELOPMENT_TEAM = DES2DL7DWH;
				INFOPLIST_FILE = SwiftDemo/Info.plist;
				LD_RUNPATH_SEARCH_PATHS = "$(inherited) @executable_path/Frameworks";
				PRODUCT_BUNDLE_IDENTIFIER = com.ci123.SwiftDemo;
				PRODUCT_NAME = "$(TARGET_NAME)";
				SWIFT_VERSION = 3.0;
			};
			name = Debug;
		};
		CB5EA5B11F0A388A006FDEFD /* Release */ = {
			isa = XCBuildConfiguration;
			baseConfigurationReference = 7AE5EC4415492CB8029F668A /* Pods-SwiftDemo.release.xcconfig */;
			buildSettings = {
				ASSETCATALOG_COMPILER_APPICON_NAME = AppIcon;
				DEVELOPMENT_TEAM = DES2DL7DWH;
				INFOPLIST_FILE = SwiftDemo/Info.plist;
				LD_RUNPATH_SEARCH_PATHS = "$(inherited) @executable_path/Frameworks";
				PRODUCT_BUNDLE_IDENTIFIER = com.ci123.SwiftDemo;
				PRODUCT_NAME = "$(TARGET_NAME)";
				SWIFT_VERSION = 3.0;
			};
			name = Release;
		};
		CB5EA5B31F0A388A006FDEFD /* Debug */ = {
			isa = XCBuildConfiguration;
			baseConfigurationReference = 3ACD6ED03A45F99A47EC2BF3 /* Pods-SwiftDemoUITests.debug.xcconfig */;
			buildSettings = {
				ALWAYS_EMBED_SWIFT_STANDARD_LIBRARIES = YES;
				DEVELOPMENT_TEAM = DES2DL7DWH;
				INFOPLIST_FILE = SwiftDemoUITests/Info.plist;
				LD_RUNPATH_SEARCH_PATHS = "$(inherited) @executable_path/Frameworks @loader_path/Frameworks";
				PRODUCT_BUNDLE_IDENTIFIER = com.ci123.SwiftDemoUITests;
				PRODUCT_NAME = "$(TARGET_NAME)";
				SWIFT_VERSION = 3.0;
				TEST_TARGET_NAME = SwiftDemo;
			};
			name = Debug;
		};
		CB5EA5B41F0A388A006FDEFD /* Release */ = {
			isa = XCBuildConfiguration;
			baseConfigurationReference = 43B3E66B6B2262B9676DE21D /* Pods-SwiftDemoUITests.release.xcconfig */;
			buildSettings = {
				ALWAYS_EMBED_SWIFT_STANDARD_LIBRARIES = YES;
				DEVELOPMENT_TEAM = DES2DL7DWH;
				INFOPLIST_FILE = SwiftDemoUITests/Info.plist;
				LD_RUNPATH_SEARCH_PATHS = "$(inherited) @executable_path/Frameworks @loader_path/Frameworks";
				PRODUCT_BUNDLE_IDENTIFIER = com.ci123.SwiftDemoUITests;
				PRODUCT_NAME = "$(TARGET_NAME)";
				SWIFT_VERSION = 3.0;
				TEST_TARGET_NAME = SwiftDemo;
			};
			name = Release;
		};
/* End XCBuildConfiguration section */

/* Begin XCConfigurationList section */
		CB5EA58D1F0A3888006FDEFD /* Build configuration list for PBXProject "SwiftDemo" */ = {
			isa = XCConfigurationList;
			buildConfigurations = (
				CB5EA5AD1F0A388A006FDEFD /* Debug */,
				CB5EA5AE1F0A388A006FDEFD /* Release */,
			);
			defaultConfigurationIsVisible = 0;
			defaultConfigurationName = Release;
		};
		CB5EA5AF1F0A388A006FDEFD /* Build configuration list for PBXNativeTarget "SwiftDemo" */ = {
			isa = XCConfigurationList;
			buildConfigurations = (
				CB5EA5B01F0A388A006FDEFD /* Debug */,
				CB5EA5B11F0A388A006FDEFD /* Release */,
			);
			defaultConfigurationIsVisible = 0;
			defaultConfigurationName = Release;
		};
		CB5EA5B21F0A388A006FDEFD /* Build configuration list for PBXNativeTarget "SwiftDemoUITests" */ = {
			isa = XCConfigurationList;
			buildConfigurations = (
				CB5EA5B31F0A388A006FDEFD /* Debug */,
				CB5EA5B41F0A388A006FDEFD /* Release */,
			);
			defaultConfigurationIsVisible = 0;
			defaultConfigurationName = Release;
		};
/* End XCConfigurationList section */
	};
	rootObject = CB5EA58A1F0A3888006FDEFD /* Project object */;
}
